[ "cowboy": {:git, "git://github.com/extend/cowboy.git", "df818625545d565b8b76fbc445063a4822114b93", []},
  "cowlib": {:git, "git://github.com/extend/cowlib.git", "63298e8e160031a70efff86a1acde7e7db1fcda6", [{:ref, "0.4.0"}]},
  "dispcount": {:git, "https://github.com/ferd/dispcount.git", "8421fa18d9b5902328c338c331c8a193b8ddb3d2", [{:ref, "1.0.0"}]},
  "hackney": {:git, "git://github.com/benoitc/hackney.git", "0eeef2d26632e14c9fa1c7bcf644ce5e85de07a8", []},
  "mimetypes": {:git, "https://github.com/spawngrid/mimetypes.git", "47d37a977a7d633199822bf6b08353007483d00f", [{:ref, "master"}]},
  "ranch": {:git, "git://github.com/extend/ranch.git", "5df1f222f94e08abdcab7084f5e13027143cc222", [{:ref, "0.9.0"}]} ]
